<?xml version="1.0" encoding="utf-8"?>
<Project ToolsVersion="4.0" xmlns="http://schemas.microsoft.com/developer/msbuild/2003">
  <ItemGroup>
    <Filter Include="Source Files">
      <UniqueIdentifier>{4FC737F1-C7A5-4376-A066-2A32D752A2FF}</UniqueIdentifier>
      <Extensions>cpp;c;cc;cxx;def;odl;idl;hpj;bat;asm;asmx</Extensions>
    </Filter>
    <Filter Include="Header Files">
      <UniqueIdentifier>{93995380-89BD-4b04-88EB-625FBE52EBFB}</UniqueIdentifier>
      <Extensions>h;hh;hpp;hxx;hm;inl;inc;xsd</Extensions>
    </Filter>
    <Filter Include="Resource Files">
      <UniqueIdentifier>{67DA6AB6-F800-4c08-8B7A-83BB121AAD01}</UniqueIdentifier>
      <Extensions>rc;ico;cur;bmp;dlg;rc2;rct;bin;rgs;gif;jpg;jpeg;jpe;resx;tiff;tif;png;wav;mfcribbon-ms</Extensions>
    </Filter>
    <Filter Include="Header Files\Lists">
      <UniqueIdentifier>{9c486169-e06b-4bc4-9377-1266d59dc752}</UniqueIdentifier>
    </Filter>
    <Filter Include="Header Files\Trees">
      <UniqueIdentifier>{71945d6e-6d61-404f-9e52-579750eba5f6}</UniqueIdentifier>
    </Filter>
    <Filter Include="Header Files\PD">
      <UniqueIdentifier>{82ee0314-76c3-41bb-92e0-01caa8b407b9}</UniqueIdentifier>
    </Filter>
  </ItemGroup>
  <ItemGroup>
    <ClCompile Include="Source.c">
      <Filter>Source Files</Filter>
    </ClCompile>
  </ItemGroup>
  <ItemGroup>
    <ClInclude Include="TestInput.h">
      <Filter>Header Files\Lists</Filter>
    </ClInclude>
    <ClInclude Include="Functions.h">
      <Filter>Header Files\Lists</Filter>
    </ClInclude>
    <ClInclude Include="Lists.h">
      <Filter>Header Files\Lists</Filter>
    </ClInclude>
    <ClInclude Include="Lists_c.h">
      <Filter>Header Files\Lists</Filter>
    </ClInclude>
    <ClInclude Include="Lists_prior.h">
      <Filter>Header Files\Lists</Filter>
    </ClInclude>
    <ClInclude Include="Lists_tw.h">
      <Filter>Header Files\Lists</Filter>
    </ClInclude>
    <ClInclude Include="Lists_twc.h">
      <Filter>Header Files\Lists</Filter>
    </ClInclude>
    <ClInclude Include="Sorting.h">
      <Filter>Header Files\Lists</Filter>
    </ClInclude>
    <ClInclude Include="Menu.h">
      <Filter>Header Files</Filter>
    </ClInclude>
    <ClInclude Include="Tree_Binary.h">
      <Filter>Header Files\Trees</Filter>
    </ClInclude>
    <ClInclude Include="ONP.h">
      <Filter>Header Files\PD</Filter>
    </ClInclude>
    <ClInclude Include="PD.h">
      <Filter>Header Files\PD</Filter>
    </ClInclude>
  </ItemGroup>
</Project>